
Microsoft Visual Studio Solution File, Format Version 12.00
# Visual Studio Version 16
VisualStudioVersion = 16.0.31321.278
MinimumVisualStudioVersion = 10.0.40219.1
Project("{FAE04EC0-301F-11D3-BF4B-00C04F79EFBC}") = "Cafe", "Cafe\Cafe.csproj", "{6C1A7FA3-18D9-4A94-BD10-12B63C3A1CBC}"
EndProject
Project("{FAE04EC0-301F-11D3-BF4B-00C04F79EFBC}") = "CafeREPO", "CafeREPO\CafeREPO.csproj", "{BECF7FF4-F498-4734-92DF-1AA966BE0F43}"
EndProject
Project("{FAE04EC0-301F-11D3-BF4B-00C04F79EFBC}") = "CafeTest", "CafeTest\CafeTest.csproj", "{F98FDE5F-B907-4933-AB4C-4A2FEB546247}"
EndProject
Project("{FAE04EC0-301F-11D3-BF4B-00C04F79EFBC}") = "Badges", "Badges\Badges.csproj", "{C11BCBCB-A588-476F-9EAF-5D0657F6C335}"
EndProject
Project("{FAE04EC0-301F-11D3-BF4B-00C04F79EFBC}") = "BadgesREPO", "BadgesREPO\BadgesREPO.csproj", "{1D38A64F-7F51-48D7-A51A-65525E8B7AB1}"
EndProject
Project("{FAE04EC0-301F-11D3-BF4B-00C04F79EFBC}") = "BadgesTest", "BadgesTest\BadgesTest.csproj", "{7DD7B41F-0394-45E8-8D0E-14DF4C831CB6}"
EndProject
Project("{FAE04EC0-301F-11D3-BF4B-00C04F79EFBC}") = "Outings", "Outings\Outings.csproj", "{E878794F-32D4-4D11-9E0B-BE1BBB13E377}"
EndProject
Project("{FAE04EC0-301F-11D3-BF4B-00C04F79EFBC}") = "OutingsREPO", "OutingsREPO\OutingsREPO.csproj", "{72F2AA8D-DB48-417A-BC5E-30641E93C6AD}"
EndProject
Project("{FAE04EC0-301F-11D3-BF4B-00C04F79EFBC}") = "OutingsTest", "OutingsTest\OutingsTest.csproj", "{7482D2D8-6A81-4501-919B-B277A8EF0A3F}"
EndProject
Global
	GlobalSection(SolutionConfigurationPlatforms) = preSolution
		Debug|Any CPU = Debug|Any CPU
		Release|Any CPU = Release|Any CPU
	EndGlobalSection
	GlobalSection(ProjectConfigurationPlatforms) = postSolution
		{6C1A7FA3-18D9-4A94-BD10-12B63C3A1CBC}.Debug|Any CPU.ActiveCfg = Debug|Any CPU
		{6C1A7FA3-18D9-4A94-BD10-12B63C3A1CBC}.Debug|Any CPU.Build.0 = Debug|Any CPU
		{6C1A7FA3-18D9-4A94-BD10-12B63C3A1CBC}.Release|Any CPU.ActiveCfg = Release|Any CPU
		{6C1A7FA3-18D9-4A94-BD10-12B63C3A1CBC}.Release|Any CPU.Build.0 = Release|Any CPU
		{BECF7FF4-F498-4734-92DF-1AA966BE0F43}.Debug|Any CPU.ActiveCfg = Debug|Any CPU
		{BECF7FF4-F498-4734-92DF-1AA966BE0F43}.Debug|Any CPU.Build.0 = Debug|Any CPU
		{BECF7FF4-F498-4734-92DF-1AA966BE0F43}.Release|Any CPU.ActiveCfg = Release|Any CPU
		{BECF7FF4-F498-4734-92DF-1AA966BE0F43}.Release|Any CPU.Build.0 = Release|Any CPU
		{F98FDE5F-B907-4933-AB4C-4A2FEB546247}.Debug|Any CPU.ActiveCfg = Debug|Any CPU
		{F98FDE5F-B907-4933-AB4C-4A2FEB546247}.Debug|Any CPU.Build.0 = Debug|Any CPU
		{F98FDE5F-B907-4933-AB4C-4A2FEB546247}.Release|Any CPU.ActiveCfg = Release|Any CPU
		{F98FDE5F-B907-4933-AB4C-4A2FEB546247}.Release|Any CPU.Build.0 = Release|Any CPU
		{C11BCBCB-A588-476F-9EAF-5D0657F6C335}.Debug|Any CPU.ActiveCfg = Debug|Any CPU
		{C11BCBCB-A588-476F-9EAF-5D0657F6C335}.Debug|Any CPU.Build.0 = Debug|Any CPU
		{C11BCBCB-A588-476F-9EAF-5D0657F6C335}.Release|Any CPU.ActiveCfg = Release|Any CPU
		{C11BCBCB-A588-476F-9EAF-5D0657F6C335}.Release|Any CPU.Build.0 = Release|Any CPU
		{1D38A64F-7F51-48D7-A51A-65525E8B7AB1}.Debug|Any CPU.ActiveCfg = Debug|Any CPU
		{1D38A64F-7F51-48D7-A51A-65525E8B7AB1}.Debug|Any CPU.Build.0 = Debug|Any CPU
		{1D38A64F-7F51-48D7-A51A-65525E8B7AB1}.Release|Any CPU.ActiveCfg = Release|Any CPU
		{1D38A64F-7F51-48D7-A51A-65525E8B7AB1}.Release|Any CPU.Build.0 = Release|Any CPU
		{7DD7B41F-0394-45E8-8D0E-14DF4C831CB6}.Debug|Any CPU.ActiveCfg = Debug|Any CPU
		{7DD7B41F-0394-45E8-8D0E-14DF4C831CB6}.Debug|Any CPU.Build.0 = Debug|Any CPU
		{7DD7B41F-0394-45E8-8D0E-14DF4C831CB6}.Release|Any CPU.ActiveCfg = Release|Any CPU
		{7DD7B41F-0394-45E8-8D0E-14DF4C831CB6}.Release|Any CPU.Build.0 = Release|Any CPU
		{E878794F-32D4-4D11-9E0B-BE1BBB13E377}.Debug|Any CPU.ActiveCfg = Debug|Any CPU
		{E878794F-32D4-4D11-9E0B-BE1BBB13E377}.Debug|Any CPU.Build.0 = Debug|Any CPU
		{E878794F-32D4-4D11-9E0B-BE1BBB13E377}.Release|Any CPU.ActiveCfg = Release|Any CPU
		{E878794F-32D4-4D11-9E0B-BE1BBB13E377}.Release|Any CPU.Build.0 = Release|Any CPU
		{72F2AA8D-DB48-417A-BC5E-30641E93C6AD}.Debug|Any CPU.ActiveCfg = Debug|Any CPU
		{72F2AA8D-DB48-417A-BC5E-30641E93C6AD}.Debug|Any CPU.Build.0 = Debug|Any CPU
		{72F2AA8D-DB48-417A-BC5E-30641E93C6AD}.Release|Any CPU.ActiveCfg = Release|Any CPU
		{72F2AA8D-DB48-417A-BC5E-30641E93C6AD}.Release|Any CPU.Build.0 = Release|Any CPU
		{7482D2D8-6A81-4501-919B-B277A8EF0A3F}.Debug|Any CPU.ActiveCfg = Debug|Any CPU
		{7482D2D8-6A81-4501-919B-B277A8EF0A3F}.Debug|Any CPU.Build.0 = Debug|Any CPU
		{7482D2D8-6A81-4501-919B-B277A8EF0A3F}.Release|Any CPU.ActiveCfg = Release|Any CPU
		{7482D2D8-6A81-4501-919B-B277A8EF0A3F}.Release|Any CPU.Build.0 = Release|Any CPU
	EndGlobalSection
	GlobalSection(SolutionProperties) = preSolution
		HideSolutionNode = FALSE
	EndGlobalSection
	GlobalSection(ExtensibilityGlobals) = postSolution
		SolutionGuid = {CD8D97B9-68CB-408A-88FA-1F0CC2D1679F}
	EndGlobalSection
EndGlobal
